
Microsoft Visual Studio Solution File, Format Version 12.00
# Visual Studio Version 17
VisualStudioVersion = 17.10.34814.14
MinimumVisualStudioVersion = 10.0.40219.1
Project("{FAE04EC0-301F-11D3-BF4B-00C04F79EFBC}") = "QuoteApp", "QuoteApp\QuoteApp.csproj", "{36CC03EC-2B63-4BA9-A561-3E4334BA6F0F}"
EndProject
Global
	GlobalSection(SolutionConfigurationPlatforms) = preSolution
		Debug|Any CPU = Debug|Any CPU
		Release|Any CPU = Release|Any CPU
	EndGlobalSection
	GlobalSection(ProjectConfigurationPlatforms) = postSolution
		{36CC03EC-2B63-4BA9-A561-3E4334BA6F0F}.Debug|Any CPU.ActiveCfg = Debug|Any CPU
		{36CC03EC-2B63-4BA9-A561-3E4334BA6F0F}.Debug|Any CPU.Build.0 = Debug|Any CPU
		{36CC03EC-2B63-4BA9-A561-3E4334BA6F0F}.Release|Any CPU.ActiveCfg = Release|Any CPU
		{36CC03EC-2B63-4BA9-A561-3E4334BA6F0F}.Release|Any CPU.Build.0 = Release|Any CPU
	EndGlobalSection
	GlobalSection(SolutionProperties) = preSolution
		HideSolutionNode = FALSE
	EndGlobalSection
	GlobalSection(ExtensibilityGlobals) = postSolution
		SolutionGuid = {EDDBB630-6A0C-464A-820B-349C94A65B8C}
	EndGlobalSection
EndGlobal
